
Microsoft Visual Studio Solution File, Format Version 12.00
# Visual Studio Version 17
VisualStudioVersion = 17.0.31903.59
MinimumVisualStudioVersion = 10.0.40219.1
Project("{FAE04EC0-301F-11D3-BF4B-00C04F79EFBC}") = "UpdateSkriptApp", "UpdateSkriptApp\UpdateSkriptApp.csproj", "{9592A607-DEA1-43AA-957E-DD5CEE57182E}"
EndProject
Project("{FAE04EC0-301F-11D3-BF4B-00C04F79EFBC}") = "UpdateSkriptApp.Tests", "UpdateSkriptApp.Tests\UpdateSkriptApp.Tests.csproj", "{2A529686-B4C3-40A5-BBA1-CE24CFF49A52}"
EndProject
Global
	GlobalSection(SolutionConfigurationPlatforms) = preSolution
		Debug|Any CPU = Debug|Any CPU
		Release|Any CPU = Release|Any CPU
	EndGlobalSection
	GlobalSection(SolutionProperties) = preSolution
		HideSolutionNode = FALSE
	EndGlobalSection
	GlobalSection(ProjectConfigurationPlatforms) = postSolution
		{9592A607-DEA1-43AA-957E-DD5CEE57182E}.Debug|Any CPU.ActiveCfg = Debug|Any CPU
		{9592A607-DEA1-43AA-957E-DD5CEE57182E}.Debug|Any CPU.Build.0 = Debug|Any CPU
		{9592A607-DEA1-43AA-957E-DD5CEE57182E}.Release|Any CPU.ActiveCfg = Release|Any CPU
		{9592A607-DEA1-43AA-957E-DD5CEE57182E}.Release|Any CPU.Build.0 = Release|Any CPU
		{2A529686-B4C3-40A5-BBA1-CE24CFF49A52}.Debug|Any CPU.ActiveCfg = Debug|Any CPU
		{2A529686-B4C3-40A5-BBA1-CE24CFF49A52}.Debug|Any CPU.Build.0 = Debug|Any CPU
		{2A529686-B4C3-40A5-BBA1-CE24CFF49A52}.Release|Any CPU.ActiveCfg = Release|Any CPU
		{2A529686-B4C3-40A5-BBA1-CE24CFF49A52}.Release|Any CPU.Build.0 = Release|Any CPU
	EndGlobalSection
EndGlobal
